
Microsoft Visual Studio Solution File, Format Version 12.00
# Visual Studio 15
VisualStudioVersion = 15.0.28010.2019
MinimumVisualStudioVersion = 10.0.40219.1
Project("{FAE04EC0-301F-11D3-BF4B-00C04F79EFBC}") = "WebApplication1", "WebApplication1\WebApplication1.csproj", "{004E5D41-7185-4AEA-B82B-70E04B87CC81}"
EndProject
Global
	GlobalSection(SolutionConfigurationPlatforms) = preSolution
		Debug|Any CPU = Debug|Any CPU
		Release|Any CPU = Release|Any CPU
	EndGlobalSection
	GlobalSection(ProjectConfigurationPlatforms) = postSolution
		{004E5D41-7185-4AEA-B82B-70E04B87CC81}.Debug|Any CPU.ActiveCfg = Debug|Any CPU
		{004E5D41-7185-4AEA-B82B-70E04B87CC81}.Debug|Any CPU.Build.0 = Debug|Any CPU
		{004E5D41-7185-4AEA-B82B-70E04B87CC81}.Release|Any CPU.ActiveCfg = Release|Any CPU
		{004E5D41-7185-4AEA-B82B-70E04B87CC81}.Release|Any CPU.Build.0 = Release|Any CPU
	EndGlobalSection
	GlobalSection(SolutionProperties) = preSolution
		HideSolutionNode = FALSE
	EndGlobalSection
	GlobalSection(ExtensibilityGlobals) = postSolution
		SolutionGuid = {ED7972A2-B91E-45E7-89AA-71843CF97D16}
	EndGlobalSection
EndGlobal
